
Microsoft Visual Studio Solution File, Format Version 12.00
# Visual Studio 15
VisualStudioVersion = 15.0.28307.136
MinimumVisualStudioVersion = 10.0.40219.1
Project("{FAE04EC0-301F-11D3-BF4B-00C04F79EFBC}") = "denizdikbiyik_CET322_HW2", "denizdikbiyik_CET322_HW2\denizdikbiyik_CET322_HW2.csproj", "{3D8C1A97-C46C-4BF8-834A-6AADEB413423}"
EndProject
Global
	GlobalSection(SolutionConfigurationPlatforms) = preSolution
		Debug|Any CPU = Debug|Any CPU
		Release|Any CPU = Release|Any CPU
	EndGlobalSection
	GlobalSection(ProjectConfigurationPlatforms) = postSolution
		{3D8C1A97-C46C-4BF8-834A-6AADEB413423}.Debug|Any CPU.ActiveCfg = Debug|Any CPU
		{3D8C1A97-C46C-4BF8-834A-6AADEB413423}.Debug|Any CPU.Build.0 = Debug|Any CPU
		{3D8C1A97-C46C-4BF8-834A-6AADEB413423}.Release|Any CPU.ActiveCfg = Release|Any CPU
		{3D8C1A97-C46C-4BF8-834A-6AADEB413423}.Release|Any CPU.Build.0 = Release|Any CPU
	EndGlobalSection
	GlobalSection(SolutionProperties) = preSolution
		HideSolutionNode = FALSE
	EndGlobalSection
	GlobalSection(ExtensibilityGlobals) = postSolution
		SolutionGuid = {97F867B1-DA0E-4A56-85A2-BAA9A1B100C6}
	EndGlobalSection
EndGlobal
